
Microsoft Visual Studio Solution File, Format Version 12.00
# Visual Studio Version 17
VisualStudioVersion = 17.5.33424.131
MinimumVisualStudioVersion = 10.0.40219.1
Project("{FAE04EC0-301F-11D3-BF4B-00C04F79EFBC}") = "Interview", "Interview.csproj", "{EAD8F78D-BB1C-47B9-BD24-5FBC541E1C9F}"
EndProject
Global
	GlobalSection(SolutionConfigurationPlatforms) = preSolution
		Debug|Any CPU = Debug|Any CPU
		Release|Any CPU = Release|Any CPU
	EndGlobalSection
	GlobalSection(ProjectConfigurationPlatforms) = postSolution
		{EAD8F78D-BB1C-47B9-BD24-5FBC541E1C9F}.Debug|Any CPU.ActiveCfg = Debug|Any CPU
		{EAD8F78D-BB1C-47B9-BD24-5FBC541E1C9F}.Debug|Any CPU.Build.0 = Debug|Any CPU
		{EAD8F78D-BB1C-47B9-BD24-5FBC541E1C9F}.Release|Any CPU.ActiveCfg = Release|Any CPU
		{EAD8F78D-BB1C-47B9-BD24-5FBC541E1C9F}.Release|Any CPU.Build.0 = Release|Any CPU
	EndGlobalSection
	GlobalSection(SolutionProperties) = preSolution
		HideSolutionNode = FALSE
	EndGlobalSection
	GlobalSection(ExtensibilityGlobals) = postSolution
		SolutionGuid = {FF2CC2BE-38B4-4E9F-A0AD-E49DF978A416}
	EndGlobalSection
EndGlobal
